
Microsoft Visual Studio Solution File, Format Version 12.00
# Visual Studio Version 16
VisualStudioVersion = 16.0.29326.143
MinimumVisualStudioVersion = 10.0.40219.1
Project("{FAE04EC0-301F-11D3-BF4B-00C04F79EFBC}") = "03.03.2020-Console", "03.03.2020-Console\03.03.2020-Console.csproj", "{D703F60F-AFC6-4024-ADDF-29E2FF7B18A2}"
EndProject
Global
	GlobalSection(SolutionConfigurationPlatforms) = preSolution
		Debug|Any CPU = Debug|Any CPU
		Release|Any CPU = Release|Any CPU
	EndGlobalSection
	GlobalSection(ProjectConfigurationPlatforms) = postSolution
		{D703F60F-AFC6-4024-ADDF-29E2FF7B18A2}.Debug|Any CPU.ActiveCfg = Debug|Any CPU
		{D703F60F-AFC6-4024-ADDF-29E2FF7B18A2}.Debug|Any CPU.Build.0 = Debug|Any CPU
		{D703F60F-AFC6-4024-ADDF-29E2FF7B18A2}.Release|Any CPU.ActiveCfg = Release|Any CPU
		{D703F60F-AFC6-4024-ADDF-29E2FF7B18A2}.Release|Any CPU.Build.0 = Release|Any CPU
	EndGlobalSection
	GlobalSection(SolutionProperties) = preSolution
		HideSolutionNode = FALSE
	EndGlobalSection
	GlobalSection(ExtensibilityGlobals) = postSolution
		SolutionGuid = {6047818C-619C-4C0D-BAD5-CE09BB2A0DF4}
	EndGlobalSection
EndGlobal
